
Microsoft Visual Studio Solution File, Format Version 12.00
# Visual Studio Version 16
VisualStudioVersion = 16.0.30907.101
MinimumVisualStudioVersion = 10.0.40219.1
Project("{FAE04EC0-301F-11D3-BF4B-00C04F79EFBC}") = "24HourAssingment", "24HourAssingment\24HourAssingment.csproj", "{C7336BA9-8310-4026-AA46-A092D947BE61}"
EndProject
Global
	GlobalSection(SolutionConfigurationPlatforms) = preSolution
		Debug|Any CPU = Debug|Any CPU
		Release|Any CPU = Release|Any CPU
	EndGlobalSection
	GlobalSection(ProjectConfigurationPlatforms) = postSolution
		{C7336BA9-8310-4026-AA46-A092D947BE61}.Debug|Any CPU.ActiveCfg = Debug|Any CPU
		{C7336BA9-8310-4026-AA46-A092D947BE61}.Debug|Any CPU.Build.0 = Debug|Any CPU
		{C7336BA9-8310-4026-AA46-A092D947BE61}.Release|Any CPU.ActiveCfg = Release|Any CPU
		{C7336BA9-8310-4026-AA46-A092D947BE61}.Release|Any CPU.Build.0 = Release|Any CPU
	EndGlobalSection
	GlobalSection(SolutionProperties) = preSolution
		HideSolutionNode = FALSE
	EndGlobalSection
	GlobalSection(ExtensibilityGlobals) = postSolution
		SolutionGuid = {BA3B3F69-9539-4917-99F0-D440FC2A42C5}
	EndGlobalSection
EndGlobal
